# This file is automatically @generated by Cargo.
# It is not intended for manual editing.
version = 3

[[package]]
name = "autocfg"
version = "1.1.0"
source = "registry+https://github.com/rust-lang/crates.io-index"
checksum = "d468802bab17cbc0cc575e9b053f41e72aa36bfa6b7f55e3529ffa43161b97fa"

[[package]]
name = "doc-comment"
version = "0.3.3"
source = "registry+https://github.com/rust-lang/crates.io-index"
checksum = "fea41bba32d969b513997752735605054bc0dfa92b4c56bf1189f2e174be7a10"

[[package]]
name = "joann"
version = "0.1.0"
dependencies = [
 "microbench",
 "num-traits",
 "space",
]

[[package]]
name = "microbench"
version = "0.5.0"
source = "registry+https://github.com/rust-lang/crates.io-index"
checksum = "c4c44e40aee4e6fd2f4257bb91e5948ce79285aeb949129448889cf2fbf6da0b"

[[package]]
name = "num-traits"
version = "0.2.17"
source = "registry+https://github.com/rust-lang/crates.io-index"
checksum = "39e3200413f237f41ab11ad6d161bc7239c84dcb631773ccd7de3dfe4b5c267c"
dependencies = [
 "autocfg",
]

[[package]]
name = "space"
version = "0.18.0"
source = "registry+https://github.com/rust-lang/crates.io-index"
checksum = "83919a544070dcfac65f430251bb69e62f1e4ef6f0754fd714a1ac14cfc41a68"
dependencies = [
 "doc-comment",
 "num-traits",
]
